<Solution>
  <Folder Name="/modules/">
    <Project Path="src/Modules/Catalog/Cinema.Catalog.csproj" />
    <Project Path="src/Modules/Seating/Cinema.Seating.csproj" />
    <Project Path="src/Modules/Pricing/Cinema.Pricing.csproj" />
    <Project Path="src/Modules/Ordering/Cinema.Ordering.csproj" />
    <Project Path="src/Modules/Payments/Cinema.Payments.csproj" />
    <Project Path="src/Modules/Ticketing/Cinema.Ticketing.csproj" />
    <Project Path="src/Modules/Loyalty/Cinema.Loyalty.csproj" />
    <Project Path="src/Modules/Concessions/Cinema.Concessions.csproj" />
    <Project Path="src/Modules/Identity/Cinema.Identity.csproj" />
    <Project Path="src/Modules/Notifications/Cinema.Notifications.csproj" />
  </Folder>
  <Project Path="src/Api/Cinema.Api.csproj" />
  <Project Path="tests/Architecture/Cinema.Architecture.Tests.csproj" />
  <Project Path="src/SharedKernel/Cinema.SharedKernel.csproj" />
  <Project Path="src/ServiceDefaults/Cinema.ServiceDefaults.csproj" />
</Solution>
