<Solution>
  <Folder Name="/src/">
    <Project Path="src/CleanTemplate.Api/CleanTemplate.Api.csproj" />
    <Project Path="src/CleanTemplate.Application/CleanTemplate.Application.csproj" />
    <Project Path="src/CleanTemplate.Contracts/CleanTemplate.Contracts.csproj" />
    <Project Path="src/CleanTemplate.Domain/CleanTemplate.Domain.csproj" />
    <Project Path="src/CleanTemplate.Infrastructure/CleanTemplate.Infrastructure.csproj" />
  </Folder>
  <Folder Name="/tests/">
    <Project Path="tests/TestCommon/TestCommon.csproj" />
    <Project Path="tests/CleanTemplate.Api.IntegrationTests/CleanTemplate.Api.IntegrationTests.csproj" />
    <Project Path="tests/CleanTemplate.Application.UnitTests/CleanTemplate.Application.UnitTests.csproj" />
    <Project Path="tests/CleanTemplate.ArchitectureTests/CleanTemplate.ArchitectureTests.csproj" />
  </Folder>
</Solution>
